// !$*UTF8*$!
{
	archiveVersion = 1;
	classes = {
	};
	objectVersion = 56;
	objects = {

/* Begin PBXBuildFile section */
		4B14BD10298B79360095EC39 /* Day1App.swift in Sources */ = {isa = PBXBuildFile; fileRef = 4B14BD0F298B79360095EC39 /* Day1App.swift */; };
		4B14BD12298B79360095EC39 /* ContentView.swift in Sources */ = {isa = PBXBuildFile; fileRef = 4B14BD11298B79360095EC39 /* ContentView.swift */; };
		4B14BD14298B79380095EC39 /* Assets.xcassets in Resources */ = {isa = PBXBuildFile; fileRef = 4B14BD13298B79380095EC39 /* Assets.xcassets */; };
		4B14BD17298B79380095EC39 /* Preview Assets.xcassets in Resources */ = {isa = PBXBuildFile; fileRef = 4B14BD16298B79380095EC39 /* Preview Assets.xcassets */; };
		4B14BD19298B79380095EC39 /* Persistence.swift in Sources */ = {isa = PBXBuildFile; fileRef = 4B14BD18298B79380095EC39 /* Persistence.swift */; };
		4B14BD1C298B79380095EC39 /* Day1.xcdatamodeld in Sources */ = {isa = PBXBuildFile; fileRef = 4B14BD1A298B79380095EC39 /* Day1.xcdatamodeld */; };
		4B14BD23298B79C00095EC39 /* Home.swift in Sources */ = {isa = PBXBuildFile; fileRef = 4B14BD22298B79C00095EC39 /* Home.swift */; };
		4B14BD27298B79ED0095EC39 /* ViewModel.swift in Sources */ = {isa = PBXBuildFile; fileRef = 4B14BD26298B79ED0095EC39 /* ViewModel.swift */; };
		4B14BD2A298B7AA00095EC39 /* Memo.swift in Sources */ = {isa = PBXBuildFile; fileRef = 4B14BD29298B7AA00095EC39 /* Memo.swift */; };
		4B14BD2C298B7AD90095EC39 /* NewDataView.swift in Sources */ = {isa = PBXBuildFile; fileRef = 4B14BD2B298B7AD90095EC39 /* NewDataView.swift */; };
		4B14BD2E298B7B0A0095EC39 /* DateButton.swift in Sources */ = {isa = PBXBuildFile; fileRef = 4B14BD2D298B7B0A0095EC39 /* DateButton.swift */; };
		4B14BD31298B81AD0095EC39 /* Setting.swift in Sources */ = {isa = PBXBuildFile; fileRef = 4B14BD30298B81AD0095EC39 /* Setting.swift */; };
		4B14BD34298B82510095EC39 /* Analysis.swift in Sources */ = {isa = PBXBuildFile; fileRef = 4B14BD33298B82510095EC39 /* Analysis.swift */; };
		4BA810E32990C46B009E2D40 /* AddNewTask.swift in Sources */ = {isa = PBXBuildFile; fileRef = 4BA810E22990C46B009E2D40 /* AddNewTask.swift */; };
/* End PBXBuildFile section */

/* Begin PBXFileReference section */
		4B14BD0C298B79360095EC39 /* Day1.app */ = {isa = PBXFileReference; explicitFileType = wrapper.application; includeInIndex = 0; path = Day1.app; sourceTree = BUILT_PRODUCTS_DIR; };
		4B14BD0F298B79360095EC39 /* Day1App.swift */ = {isa = PBXFileReference; lastKnownFileType = sourcecode.swift; path = Day1App.swift; sourceTree = "<group>"; };
		4B14BD11298B79360095EC39 /* ContentView.swift */ = {isa = PBXFileReference; lastKnownFileType = sourcecode.swift; path = ContentView.swift; sourceTree = "<group>"; };
		4B14BD13298B79380095EC39 /* Assets.xcassets */ = {isa = PBXFileReference; lastKnownFileType = folder.assetcatalog; path = Assets.xcassets; sourceTree = "<group>"; };
		4B14BD16298B79380095EC39 /* Preview Assets.xcassets */ = {isa = PBXFileReference; lastKnownFileType = folder.assetcatalog; path = "Preview Assets.xcassets"; sourceTree = "<group>"; };
		4B14BD18298B79380095EC39 /* Persistence.swift */ = {isa = PBXFileReference; lastKnownFileType = sourcecode.swift; path = Persistence.swift; sourceTree = "<group>"; };
		4B14BD1B298B79380095EC39 /* Day1.xcdatamodel */ = {isa = PBXFileReference; lastKnownFileType = wrapper.xcdatamodel; path = Day1.xcdatamodel; sourceTree = "<group>"; };
		4B14BD22298B79C00095EC39 /* Home.swift */ = {isa = PBXFileReference; lastKnownFileType = sourcecode.swift; path = Home.swift; sourceTree = "<group>"; };
		4B14BD26298B79ED0095EC39 /* ViewModel.swift */ = {isa = PBXFileReference; lastKnownFileType = sourcecode.swift; path = ViewModel.swift; sourceTree = "<group>"; };
		4B14BD29298B7AA00095EC39 /* Memo.swift */ = {isa = PBXFileReference; lastKnownFileType = sourcecode.swift; path = Memo.swift; sourceTree = "<group>"; };
		4B14BD2B298B7AD90095EC39 /* NewDataView.swift */ = {isa = PBXFileReference; lastKnownFileType = sourcecode.swift; path = NewDataView.swift; sourceTree = "<group>"; };
		4B14BD2D298B7B0A0095EC39 /* DateButton.swift */ = {isa = PBXFileReference; lastKnownFileType = sourcecode.swift; path = DateButton.swift; sourceTree = "<group>"; };
		4B14BD30298B81AD0095EC39 /* Setting.swift */ = {isa = PBXFileReference; lastKnownFileType = sourcecode.swift; path = Setting.swift; sourceTree = "<group>"; };
		4B14BD33298B82510095EC39 /* Analysis.swift */ = {isa = PBXFileReference; lastKnownFileType = sourcecode.swift; path = Analysis.swift; sourceTree = "<group>"; };
		4BA810E22990C46B009E2D40 /* AddNewTask.swift */ = {isa = PBXFileReference; lastKnownFileType = sourcecode.swift; path = AddNewTask.swift; sourceTree = "<group>"; };
/* End PBXFileReference section */

/* Begin PBXFrameworksBuildPhase section */
		4B14BD09298B79360095EC39 /* Frameworks */ = {
			isa = PBXFrameworksBuildPhase;
			buildActionMask = 2147483647;
			files = (
			);
			runOnlyForDeploymentPostprocessing = 0;
		};
/* End PBXFrameworksBuildPhase section */

/* Begin PBXGroup section */
		4B14BD03298B79360095EC39 = {
			isa = PBXGroup;
			children = (
				4B14BD0E298B79360095EC39 /* Day1 */,
				4B14BD0D298B79360095EC39 /* Products */,
			);
			sourceTree = "<group>";
		};
		4B14BD0D298B79360095EC39 /* Products */ = {
			isa = PBXGroup;
			children = (
				4B14BD0C298B79360095EC39 /* Day1.app */,
			);
			name = Products;
			sourceTree = "<group>";
		};
		4B14BD0E298B79360095EC39 /* Day1 */ = {
			isa = PBXGroup;
			children = (
				4B14BD24298B79D60095EC39 /* ViewModel */,
				4B14BD25298B79E10095EC39 /* View */,
				4B14BD0F298B79360095EC39 /* Day1App.swift */,
				4B14BD11298B79360095EC39 /* ContentView.swift */,
				4B14BD18298B79380095EC39 /* Persistence.swift */,
				4B14BD13298B79380095EC39 /* Assets.xcassets */,
				4B14BD1A298B79380095EC39 /* Day1.xcdatamodeld */,
				4B14BD15298B79380095EC39 /* Preview Content */,
			);
			path = Day1;
			sourceTree = "<group>";
		};
		4B14BD15298B79380095EC39 /* Preview Content */ = {
			isa = PBXGroup;
			children = (
				4B14BD16298B79380095EC39 /* Preview Assets.xcassets */,
			);
			path = "Preview Content";
			sourceTree = "<group>";
		};
		4B14BD24298B79D60095EC39 /* ViewModel */ = {
			isa = PBXGroup;
			children = (
				4B14BD26298B79ED0095EC39 /* ViewModel.swift */,
			);
			path = ViewModel;
			sourceTree = "<group>";
		};
		4B14BD25298B79E10095EC39 /* View */ = {
			isa = PBXGroup;
			children = (
				4B14BD22298B79C00095EC39 /* Home.swift */,
				4B14BD28298B7A910095EC39 /* Todo */,
				4B14BD32298B82370095EC39 /* Analysis */,
				4B14BD2F298B81820095EC39 /* Settings */,
			);
			path = View;
			sourceTree = "<group>";
		};
		4B14BD28298B7A910095EC39 /* Todo */ = {
			isa = PBXGroup;
			children = (
				4B14BD29298B7AA00095EC39 /* Memo.swift */,
				4BA810E22990C46B009E2D40 /* AddNewTask.swift */,
				4B14BD2B298B7AD90095EC39 /* NewDataView.swift */,
				4B14BD2D298B7B0A0095EC39 /* DateButton.swift */,
			);
			path = Todo;
			sourceTree = "<group>";
		};
		4B14BD2F298B81820095EC39 /* Settings */ = {
			isa = PBXGroup;
			children = (
				4B14BD30298B81AD0095EC39 /* Setting.swift */,
			);
			path = Settings;
			sourceTree = "<group>";
		};
		4B14BD32298B82370095EC39 /* Analysis */ = {
			isa = PBXGroup;
			children = (
				4B14BD33298B82510095EC39 /* Analysis.swift */,
			);
			path = Analysis;
			sourceTree = "<group>";
		};
/* End PBXGroup section */

/* Begin PBXNativeTarget section */
		4B14BD0B298B79360095EC39 /* Day1 */ = {
			isa = PBXNativeTarget;
			buildConfigurationList = 4B14BD1F298B79380095EC39 /* Build configuration list for PBXNativeTarget "Day1" */;
			buildPhases = (
				4B14BD08298B79360095EC39 /* Sources */,
				4B14BD09298B79360095EC39 /* Frameworks */,
				4B14BD0A298B79360095EC39 /* Resources */,
			);
			buildRules = (
			);
			dependencies = (
			);
			name = Day1;
			productName = Day1;
			productReference = 4B14BD0C298B79360095EC39 /* Day1.app */;
			productType = "com.apple.product-type.application";
		};
/* End PBXNativeTarget section */

/* Begin PBXProject section */
		4B14BD04298B79360095EC39 /* Project object */ = {
			isa = PBXProject;
			attributes = {
				BuildIndependentTargetsInParallel = 1;
				LastSwiftUpdateCheck = 1420;
				LastUpgradeCheck = 1420;
				TargetAttributes = {
					4B14BD0B298B79360095EC39 = {
						CreatedOnToolsVersion = 14.2;
					};
				};
			};
			buildConfigurationList = 4B14BD07298B79360095EC39 /* Build configuration list for PBXProject "Day1" */;
			compatibilityVersion = "Xcode 14.0";
			developmentRegion = en;
			hasScannedForEncodings = 0;
			knownRegions = (
				en,
				Base,
			);
			mainGroup = 4B14BD03298B79360095EC39;
			productRefGroup = 4B14BD0D298B79360095EC39 /* Products */;
			projectDirPath = "";
			projectRoot = "";
			targets = (
				4B14BD0B298B79360095EC39 /* Day1 */,
			);
		};
/* End PBXProject section */

/* Begin PBXResourcesBuildPhase section */
		4B14BD0A298B79360095EC39 /* Resources */ = {
			isa = PBXResourcesBuildPhase;
			buildActionMask = 2147483647;
			files = (
				4B14BD17298B79380095EC39 /* Preview Assets.xcassets in Resources */,
				4B14BD14298B79380095EC39 /* Assets.xcassets in Resources */,
			);
			runOnlyForDeploymentPostprocessing = 0;
		};
/* End PBXResourcesBuildPhase section */

/* Begin PBXSourcesBuildPhase section */
		4B14BD08298B79360095EC39 /* Sources */ = {
			isa = PBXSourcesBuildPhase;
			buildActionMask = 2147483647;
			files = (
				4B14BD31298B81AD0095EC39 /* Setting.swift in Sources */,
				4B14BD2A298B7AA00095EC39 /* Memo.swift in Sources */,
				4B14BD1C298B79380095EC39 /* Day1.xcdatamodeld in Sources */,
				4B14BD19298B79380095EC39 /* Persistence.swift in Sources */,
				4B14BD34298B82510095EC39 /* Analysis.swift in Sources */,
				4BA810E32990C46B009E2D40 /* AddNewTask.swift in Sources */,
				4B14BD2C298B7AD90095EC39 /* NewDataView.swift in Sources */,
				4B14BD23298B79C00095EC39 /* Home.swift in Sources */,
				4B14BD12298B79360095EC39 /* ContentView.swift in Sources */,
				4B14BD27298B79ED0095EC39 /* ViewModel.swift in Sources */,
				4B14BD10298B79360095EC39 /* Day1App.swift in Sources */,
				4B14BD2E298B7B0A0095EC39 /* DateButton.swift in Sources */,
			);
			runOnlyForDeploymentPostprocessing = 0;
		};
/* End PBXSourcesBuildPhase section */

/* Begin XCBuildConfiguration section */
		4B14BD1D298B79380095EC39 /* Debug */ = {
			isa = XCBuildConfiguration;
			buildSettings = {
				ALWAYS_SEARCH_USER_PATHS = NO;
				CLANG_ANALYZER_NONNULL = YES;
				CLANG_ANALYZER_NUMBER_OBJECT_CONVERSION = YES_AGGRESSIVE;
				CLANG_CXX_LANGUAGE_STANDARD = "gnu++20";
				CLANG_ENABLE_MODULES = YES;
				CLANG_ENABLE_OBJC_ARC = YES;
				CLANG_ENABLE_OBJC_WEAK = YES;
				CLANG_WARN_BLOCK_CAPTURE_AUTORELEASING = YES;
				CLANG_WARN_BOOL_CONVERSION = YES;
				CLANG_WARN_COMMA = YES;
				CLANG_WARN_CONSTANT_CONVERSION = YES;
				CLANG_WARN_DEPRECATED_OBJC_IMPLEMENTATIONS = YES;
				CLANG_WARN_DIRECT_OBJC_ISA_USAGE = YES_ERROR;
				CLANG_WARN_DOCUMENTATION_COMMENTS = YES;
				CLANG_WARN_EMPTY_BODY = YES;
				CLANG_WARN_ENUM_CONVERSION = YES;
				CLANG_WARN_INFINITE_RECURSION = YES;
				CLANG_WARN_INT_CONVERSION = YES;
				CLANG_WARN_NON_LITERAL_NULL_CONVERSION = YES;
				CLANG_WARN_OBJC_IMPLICIT_RETAIN_SELF = YES;
				CLANG_WARN_OBJC_LITERAL_CONVERSION = YES;
				CLANG_WARN_OBJC_ROOT_CLASS = YES_ERROR;
				CLANG_WARN_QUOTED_INCLUDE_IN_FRAMEWORK_HEADER = YES;
				CLANG_WARN_RANGE_LOOP_ANALYSIS = YES;
				CLANG_WARN_STRICT_PROTOTYPES = YES;
				CLANG_WARN_SUSPICIOUS_MOVE = YES;
				CLANG_WARN_UNGUARDED_AVAILABILITY = YES_AGGRESSIVE;
				CLANG_WARN_UNREACHABLE_CODE = YES;
				CLANG_WARN__DUPLICATE_METHOD_MATCH = YES;
				COPY_PHASE_STRIP = NO;
				DEBUG_INFORMATION_FORMAT = dwarf;
				ENABLE_STRICT_OBJC_MSGSEND = YES;
				ENABLE_TESTABILITY = YES;
				GCC_C_LANGUAGE_STANDARD = gnu11;
				GCC_DYNAMIC_NO_PIC = NO;
				GCC_NO_COMMON_BLOCKS = YES;
				GCC_OPTIMIZATION_LEVEL = 0;
				GCC_PREPROCESSOR_DEFINITIONS = (
					"DEBUG=1",
					"$(inherited)",
				);
				GCC_WARN_64_TO_32_BIT_CONVERSION = YES;
				GCC_WARN_ABOUT_RETURN_TYPE = YES_ERROR;
				GCC_WARN_UNDECLARED_SELECTOR = YES;
				GCC_WARN_UNINITIALIZED_AUTOS = YES_AGGRESSIVE;
				GCC_WARN_UNUSED_FUNCTION = YES;
				GCC_WARN_UNUSED_VARIABLE = YES;
				IPHONEOS_DEPLOYMENT_TARGET = 16.2;
				MTL_ENABLE_DEBUG_INFO = INCLUDE_SOURCE;
				MTL_FAST_MATH = YES;
				ONLY_ACTIVE_ARCH = YES;
				SDKROOT = iphoneos;
				SWIFT_ACTIVE_COMPILATION_CONDITIONS = DEBUG;
				SWIFT_OPTIMIZATION_LEVEL = "-Onone";
			};
			name = Debug;
		};
		4B14BD1E298B79380095EC39 /* Release */ = {
			isa = XCBuildConfiguration;
			buildSettings = {
				ALWAYS_SEARCH_USER_PATHS = NO;
				CLANG_ANALYZER_NONNULL = YES;
				CLANG_ANALYZER_NUMBER_OBJECT_CONVERSION = YES_AGGRESSIVE;
				CLANG_CXX_LANGUAGE_STANDARD = "gnu++20";
				CLANG_ENABLE_MODULES = YES;
				CLANG_ENABLE_OBJC_ARC = YES;
				CLANG_ENABLE_OBJC_WEAK = YES;
				CLANG_WARN_BLOCK_CAPTURE_AUTORELEASING = YES;
				CLANG_WARN_BOOL_CONVERSION = YES;
				CLANG_WARN_COMMA = YES;
				CLANG_WARN_CONSTANT_CONVERSION = YES;
				CLANG_WARN_DEPRECATED_OBJC_IMPLEMENTATIONS = YES;
				CLANG_WARN_DIRECT_OBJC_ISA_USAGE = YES_ERROR;
				CLANG_WARN_DOCUMENTATION_COMMENTS = YES;
				CLANG_WARN_EMPTY_BODY = YES;
				CLANG_WARN_ENUM_CONVERSION = YES;
				CLANG_WARN_INFINITE_RECURSION = YES;
				CLANG_WARN_INT_CONVERSION = YES;
				CLANG_WARN_NON_LITERAL_NULL_CONVERSION = YES;
				CLANG_WARN_OBJC_IMPLICIT_RETAIN_SELF = YES;
				CLANG_WARN_OBJC_LITERAL_CONVERSION = YES;
				CLANG_WARN_OBJC_ROOT_CLASS = YES_ERROR;
				CLANG_WARN_QUOTED_INCLUDE_IN_FRAMEWORK_HEADER = YES;
				CLANG_WARN_RANGE_LOOP_ANALYSIS = YES;
				CLANG_WARN_STRICT_PROTOTYPES = YES;
				CLANG_WARN_SUSPICIOUS_MOVE = YES;
				CLANG_WARN_UNGUARDED_AVAILABILITY = YES_AGGRESSIVE;
				CLANG_WARN_UNREACHABLE_CODE = YES;
				CLANG_WARN__DUPLICATE_METHOD_MATCH = YES;
				COPY_PHASE_STRIP = NO;
				DEBUG_INFORMATION_FORMAT = "dwarf-with-dsym";
				ENABLE_NS_ASSERTIONS = NO;
				ENABLE_STRICT_OBJC_MSGSEND = YES;
				GCC_C_LANGUAGE_STANDARD = gnu11;
				GCC_NO_COMMON_BLOCKS = YES;
				GCC_WARN_64_TO_32_BIT_CONVERSION = YES;
				GCC_WARN_ABOUT_RETURN_TYPE = YES_ERROR;
				GCC_WARN_UNDECLARED_SELECTOR = YES;
				GCC_WARN_UNINITIALIZED_AUTOS = YES_AGGRESSIVE;
				GCC_WARN_UNUSED_FUNCTION = YES;
				GCC_WARN_UNUSED_VARIABLE = YES;
				IPHONEOS_DEPLOYMENT_TARGET = 16.2;
				MTL_ENABLE_DEBUG_INFO = NO;
				MTL_FAST_MATH = YES;
				SDKROOT = iphoneos;
				SWIFT_COMPILATION_MODE = wholemodule;
				SWIFT_OPTIMIZATION_LEVEL = "-O";
				VALIDATE_PRODUCT = YES;
			};
			name = Release;
		};
		4B14BD20298B79380095EC39 /* Debug */ = {
			isa = XCBuildConfiguration;
			buildSettings = {
				ASSETCATALOG_COMPILER_APPICON_NAME = AppIcon;
				ASSETCATALOG_COMPILER_GLOBAL_ACCENT_COLOR_NAME = AccentColor;
				CODE_SIGN_STYLE = Automatic;
				CURRENT_PROJECT_VERSION = 1;
				DEVELOPMENT_ASSET_PATHS = "\"Day1/Preview Content\"";
				ENABLE_PREVIEWS = YES;
				GENERATE_INFOPLIST_FILE = YES;
				INFOPLIST_KEY_UIApplicationSceneManifest_Generation = YES;
				INFOPLIST_KEY_UIApplicationSupportsIndirectInputEvents = YES;
				INFOPLIST_KEY_UILaunchScreen_Generation = YES;
				INFOPLIST_KEY_UISupportedInterfaceOrientations_iPad = "UIInterfaceOrientationPortrait UIInterfaceOrientationPortraitUpsideDown UIInterfaceOrientationLandscapeLeft UIInterfaceOrientationLandscapeRight";
				INFOPLIST_KEY_UISupportedInterfaceOrientations_iPhone = "UIInterfaceOrientationPortrait UIInterfaceOrientationLandscapeLeft UIInterfaceOrientationLandscapeRight";
				LD_RUNPATH_SEARCH_PATHS = (
					"$(inherited)",
					"@executable_path/Frameworks",
				);
				MARKETING_VERSION = 1.0;
				PRODUCT_BUNDLE_IDENTIFIER = kr.xoul.Day1;
				PRODUCT_NAME = "$(TARGET_NAME)";
				SWIFT_EMIT_LOC_STRINGS = YES;
				SWIFT_VERSION = 5.0;
				TARGETED_DEVICE_FAMILY = "1,2";
			};
			name = Debug;
		};
		4B14BD21298B79380095EC39 /* Release */ = {
			isa = XCBuildConfiguration;
			buildSettings = {
				ASSETCATALOG_COMPILER_APPICON_NAME = AppIcon;
				ASSETCATALOG_COMPILER_GLOBAL_ACCENT_COLOR_NAME = AccentColor;
				CODE_SIGN_STYLE = Automatic;
				CURRENT_PROJECT_VERSION = 1;
				DEVELOPMENT_ASSET_PATHS = "\"Day1/Preview Content\"";
				ENABLE_PREVIEWS = YES;
				GENERATE_INFOPLIST_FILE = YES;
				INFOPLIST_KEY_UIApplicationSceneManifest_Generation = YES;
				INFOPLIST_KEY_UIApplicationSupportsIndirectInputEvents = YES;
				INFOPLIST_KEY_UILaunchScreen_Generation = YES;
				INFOPLIST_KEY_UISupportedInterfaceOrientations_iPad = "UIInterfaceOrientationPortrait UIInterfaceOrientationPortraitUpsideDown UIInterfaceOrientationLandscapeLeft UIInterfaceOrientationLandscapeRight";
				INFOPLIST_KEY_UISupportedInterfaceOrientations_iPhone = "UIInterfaceOrientationPortrait UIInterfaceOrientationLandscapeLeft UIInterfaceOrientationLandscapeRight";
				LD_RUNPATH_SEARCH_PATHS = (
					"$(inherited)",
					"@executable_path/Frameworks",
				);
				MARKETING_VERSION = 1.0;
				PRODUCT_BUNDLE_IDENTIFIER = kr.xoul.Day1;
				PRODUCT_NAME = "$(TARGET_NAME)";
				SWIFT_EMIT_LOC_STRINGS = YES;
				SWIFT_VERSION = 5.0;
				TARGETED_DEVICE_FAMILY = "1,2";
			};
			name = Release;
		};
/* End XCBuildConfiguration section */

/* Begin XCConfigurationList section */
		4B14BD07298B79360095EC39 /* Build configuration list for PBXProject "Day1" */ = {
			isa = XCConfigurationList;
			buildConfigurations = (
				4B14BD1D298B79380095EC39 /* Debug */,
				4B14BD1E298B79380095EC39 /* Release */,
			);
			defaultConfigurationIsVisible = 0;
			defaultConfigurationName = Release;
		};
		4B14BD1F298B79380095EC39 /* Build configuration list for PBXNativeTarget "Day1" */ = {
			isa = XCConfigurationList;
			buildConfigurations = (
				4B14BD20298B79380095EC39 /* Debug */,
				4B14BD21298B79380095EC39 /* Release */,
			);
			defaultConfigurationIsVisible = 0;
			defaultConfigurationName = Release;
		};
/* End XCConfigurationList section */

/* Begin XCVersionGroup section */
		4B14BD1A298B79380095EC39 /* Day1.xcdatamodeld */ = {
			isa = XCVersionGroup;
			children = (
				4B14BD1B298B79380095EC39 /* Day1.xcdatamodel */,
			);
			currentVersion = 4B14BD1B298B79380095EC39 /* Day1.xcdatamodel */;
			path = Day1.xcdatamodeld;
			sourceTree = "<group>";
			versionGroupType = wrapper.xcdatamodel;
		};
/* End XCVersionGroup section */
	};
	rootObject = 4B14BD04298B79360095EC39 /* Project object */;
}
